// !$*UTF8*$!
{
	archiveVersion = 1;
	classes = {
	};
	objectVersion = 50;
	objects = {

/* Begin PBXBuildFile section */
		40EA243F262B38DC00888B9C /* AppDelegate.swift in Sources */ = {isa = PBXBuildFile; fileRef = 40EA243E262B38DC00888B9C /* AppDelegate.swift */; };
		40EA2441262B38DC00888B9C /* SceneDelegate.swift in Sources */ = {isa = PBXBuildFile; fileRef = 40EA2440262B38DC00888B9C /* SceneDelegate.swift */; };
		40EA2446262B38DC00888B9C /* Main.storyboard in Resources */ = {isa = PBXBuildFile; fileRef = 40EA2444262B38DC00888B9C /* Main.storyboard */; };
		40EA2448262B38E000888B9C /* Assets.xcassets in Resources */ = {isa = PBXBuildFile; fileRef = 40EA2447262B38E000888B9C /* Assets.xcassets */; };
		40EA244B262B38E000888B9C /* LaunchScreen.storyboard in Resources */ = {isa = PBXBuildFile; fileRef = 40EA2449262B38E000888B9C /* LaunchScreen.storyboard */; };
		40EA2456262B3C6300888B9C /* NetworkManager.swift in Sources */ = {isa = PBXBuildFile; fileRef = 40EA2455262B3C6200888B9C /* NetworkManager.swift */; };
		40EA2461262B427300888B9C /* LoginViewController.swift in Sources */ = {isa = PBXBuildFile; fileRef = 40EA2460262B427300888B9C /* LoginViewController.swift */; };
		40EA2466262B522D00888B9C /* LoginPresenter.swift in Sources */ = {isa = PBXBuildFile; fileRef = 40EA2465262B522D00888B9C /* LoginPresenter.swift */; };
		40EA2474262B627000888B9C /* PaymentsPresenter.swift in Sources */ = {isa = PBXBuildFile; fileRef = 40EA2473262B627000888B9C /* PaymentsPresenter.swift */; };
		40EA247E262B62F300888B9C /* PaymentsTableViewController.swift in Sources */ = {isa = PBXBuildFile; fileRef = 40EA247D262B62F300888B9C /* PaymentsTableViewController.swift */; };
		40EA2482262B6C3900888B9C /* SetupScenes.swift in Sources */ = {isa = PBXBuildFile; fileRef = 40EA2481262B6C3800888B9C /* SetupScenes.swift */; };
		40EA248C262C4A1400888B9C /* PaymentTableViewCell.swift in Sources */ = {isa = PBXBuildFile; fileRef = 40EA248B262C4A1400888B9C /* PaymentTableViewCell.swift */; };
		40EA248F262C842600888B9C /* PaymentModels.swift in Sources */ = {isa = PBXBuildFile; fileRef = 40EA248E262C842500888B9C /* PaymentModels.swift */; };
		40EA2493262C84B400888B9C /* LoginModels.swift in Sources */ = {isa = PBXBuildFile; fileRef = 40EA2492262C84B400888B9C /* LoginModels.swift */; };
/* End PBXBuildFile section */

/* Begin PBXFileReference section */
		40EA243B262B38DC00888B9C /* UserPaymentsApp.app */ = {isa = PBXFileReference; explicitFileType = wrapper.application; includeInIndex = 0; path = UserPaymentsApp.app; sourceTree = BUILT_PRODUCTS_DIR; };
		40EA243E262B38DC00888B9C /* AppDelegate.swift */ = {isa = PBXFileReference; lastKnownFileType = sourcecode.swift; path = AppDelegate.swift; sourceTree = "<group>"; };
		40EA2440262B38DC00888B9C /* SceneDelegate.swift */ = {isa = PBXFileReference; lastKnownFileType = sourcecode.swift; path = SceneDelegate.swift; sourceTree = "<group>"; };
		40EA2445262B38DC00888B9C /* Base */ = {isa = PBXFileReference; lastKnownFileType = file.storyboard; name = Base; path = Base.lproj/Main.storyboard; sourceTree = "<group>"; };
		40EA2447262B38E000888B9C /* Assets.xcassets */ = {isa = PBXFileReference; lastKnownFileType = folder.assetcatalog; path = Assets.xcassets; sourceTree = "<group>"; };
		40EA244A262B38E000888B9C /* Base */ = {isa = PBXFileReference; lastKnownFileType = file.storyboard; name = Base; path = Base.lproj/LaunchScreen.storyboard; sourceTree = "<group>"; };
		40EA244C262B38E000888B9C /* Info.plist */ = {isa = PBXFileReference; lastKnownFileType = text.plist.xml; path = Info.plist; sourceTree = "<group>"; };
		40EA2455262B3C6200888B9C /* NetworkManager.swift */ = {isa = PBXFileReference; lastKnownFileType = sourcecode.swift; path = NetworkManager.swift; sourceTree = "<group>"; };
		40EA2460262B427300888B9C /* LoginViewController.swift */ = {isa = PBXFileReference; lastKnownFileType = sourcecode.swift; path = LoginViewController.swift; sourceTree = "<group>"; };
		40EA2465262B522D00888B9C /* LoginPresenter.swift */ = {isa = PBXFileReference; lastKnownFileType = sourcecode.swift; path = LoginPresenter.swift; sourceTree = "<group>"; };
		40EA2473262B627000888B9C /* PaymentsPresenter.swift */ = {isa = PBXFileReference; lastKnownFileType = sourcecode.swift; path = PaymentsPresenter.swift; sourceTree = "<group>"; };
		40EA247D262B62F300888B9C /* PaymentsTableViewController.swift */ = {isa = PBXFileReference; lastKnownFileType = sourcecode.swift; path = PaymentsTableViewController.swift; sourceTree = "<group>"; };
		40EA2481262B6C3800888B9C /* SetupScenes.swift */ = {isa = PBXFileReference; lastKnownFileType = sourcecode.swift; path = SetupScenes.swift; sourceTree = "<group>"; };
		40EA248B262C4A1400888B9C /* PaymentTableViewCell.swift */ = {isa = PBXFileReference; lastKnownFileType = sourcecode.swift; path = PaymentTableViewCell.swift; sourceTree = "<group>"; };
		40EA248E262C842500888B9C /* PaymentModels.swift */ = {isa = PBXFileReference; lastKnownFileType = sourcecode.swift; path = PaymentModels.swift; sourceTree = "<group>"; };
		40EA2492262C84B400888B9C /* LoginModels.swift */ = {isa = PBXFileReference; lastKnownFileType = sourcecode.swift; path = LoginModels.swift; sourceTree = "<group>"; };
/* End PBXFileReference section */

/* Begin PBXFrameworksBuildPhase section */
		40EA2438262B38DC00888B9C /* Frameworks */ = {
			isa = PBXFrameworksBuildPhase;
			buildActionMask = 2147483647;
			files = (
			);
			runOnlyForDeploymentPostprocessing = 0;
		};
/* End PBXFrameworksBuildPhase section */

/* Begin PBXGroup section */
		40AC9E6B262D7C8600953EEF /* Supporting Files */ = {
			isa = PBXGroup;
			children = (
				40EA243E262B38DC00888B9C /* AppDelegate.swift */,
				40EA2440262B38DC00888B9C /* SceneDelegate.swift */,
				40EA2481262B6C3800888B9C /* SetupScenes.swift */,
				40EA244C262B38E000888B9C /* Info.plist */,
			);
			path = "Supporting Files";
			sourceTree = "<group>";
		};
		40AC9E6D262D7CB500953EEF /* Resources */ = {
			isa = PBXGroup;
			children = (
				40EA2447262B38E000888B9C /* Assets.xcassets */,
			);
			name = Resources;
			path = ..;
			sourceTree = "<group>";
		};
		40EA2432262B38DC00888B9C = {
			isa = PBXGroup;
			children = (
				40EA243D262B38DC00888B9C /* UserPaymentsApp */,
				40EA243C262B38DC00888B9C /* Products */,
			);
			sourceTree = "<group>";
		};
		40EA243C262B38DC00888B9C /* Products */ = {
			isa = PBXGroup;
			children = (
				40EA243B262B38DC00888B9C /* UserPaymentsApp.app */,
			);
			name = Products;
			sourceTree = "<group>";
		};
		40EA243D262B38DC00888B9C /* UserPaymentsApp */ = {
			isa = PBXGroup;
			children = (
				40AC9E6B262D7C8600953EEF /* Supporting Files */,
				40EA2468262B531400888B9C /* LoginScene */,
				40EA2476262B627C00888B9C /* PaymentsScene */,
				40EA246A262B533400888B9C /* Managers */,
				40EA246C262B534E00888B9C /* Storyboards */,
				40AC9E6D262D7CB500953EEF /* Resources */,
			);
			path = UserPaymentsApp;
			sourceTree = "<group>";
		};
		40EA2468262B531400888B9C /* LoginScene */ = {
			isa = PBXGroup;
			children = (
				40EA2492262C84B400888B9C /* LoginModels.swift */,
				40EA2465262B522D00888B9C /* LoginPresenter.swift */,
				40EA2460262B427300888B9C /* LoginViewController.swift */,
			);
			path = LoginScene;
			sourceTree = "<group>";
		};
		40EA246A262B533400888B9C /* Managers */ = {
			isa = PBXGroup;
			children = (
				40EA2455262B3C6200888B9C /* NetworkManager.swift */,
			);
			path = Managers;
			sourceTree = "<group>";
		};
		40EA246C262B534E00888B9C /* Storyboards */ = {
			isa = PBXGroup;
			children = (
				40EA2444262B38DC00888B9C /* Main.storyboard */,
				40EA2449262B38E000888B9C /* LaunchScreen.storyboard */,
			);
			path = Storyboards;
			sourceTree = "<group>";
		};
		40EA2476262B627C00888B9C /* PaymentsScene */ = {
			isa = PBXGroup;
			children = (
				40EA248E262C842500888B9C /* PaymentModels.swift */,
				40EA2473262B627000888B9C /* PaymentsPresenter.swift */,
				40EA247D262B62F300888B9C /* PaymentsTableViewController.swift */,
				40EA248B262C4A1400888B9C /* PaymentTableViewCell.swift */,
			);
			path = PaymentsScene;
			sourceTree = "<group>";
		};
/* End PBXGroup section */

/* Begin PBXNativeTarget section */
		40EA243A262B38DC00888B9C /* UserPaymentsApp */ = {
			isa = PBXNativeTarget;
			buildConfigurationList = 40EA244F262B38E000888B9C /* Build configuration list for PBXNativeTarget "UserPaymentsApp" */;
			buildPhases = (
				40EA2437262B38DC00888B9C /* Sources */,
				40EA2438262B38DC00888B9C /* Frameworks */,
				40EA2439262B38DC00888B9C /* Resources */,
			);
			buildRules = (
			);
			dependencies = (
			);
			name = UserPaymentsApp;
			productName = UserPaymentsApp;
			productReference = 40EA243B262B38DC00888B9C /* UserPaymentsApp.app */;
			productType = "com.apple.product-type.application";
		};
/* End PBXNativeTarget section */

/* Begin PBXProject section */
		40EA2433262B38DC00888B9C /* Project object */ = {
			isa = PBXProject;
			attributes = {
				LastSwiftUpdateCheck = 1220;
				LastUpgradeCheck = 1220;
				TargetAttributes = {
					40EA243A262B38DC00888B9C = {
						CreatedOnToolsVersion = 12.2;
					};
				};
			};
			buildConfigurationList = 40EA2436262B38DC00888B9C /* Build configuration list for PBXProject "UserPaymentsApp" */;
			compatibilityVersion = "Xcode 9.3";
			developmentRegion = en;
			hasScannedForEncodings = 0;
			knownRegions = (
				en,
				Base,
			);
			mainGroup = 40EA2432262B38DC00888B9C;
			productRefGroup = 40EA243C262B38DC00888B9C /* Products */;
			projectDirPath = "";
			projectRoot = "";
			targets = (
				40EA243A262B38DC00888B9C /* UserPaymentsApp */,
			);
		};
/* End PBXProject section */

/* Begin PBXResourcesBuildPhase section */
		40EA2439262B38DC00888B9C /* Resources */ = {
			isa = PBXResourcesBuildPhase;
			buildActionMask = 2147483647;
			files = (
				40EA244B262B38E000888B9C /* LaunchScreen.storyboard in Resources */,
				40EA2448262B38E000888B9C /* Assets.xcassets in Resources */,
				40EA2446262B38DC00888B9C /* Main.storyboard in Resources */,
			);
			runOnlyForDeploymentPostprocessing = 0;
		};
/* End PBXResourcesBuildPhase section */

/* Begin PBXSourcesBuildPhase section */
		40EA2437262B38DC00888B9C /* Sources */ = {
			isa = PBXSourcesBuildPhase;
			buildActionMask = 2147483647;
			files = (
				40EA248F262C842600888B9C /* PaymentModels.swift in Sources */,
				40EA2466262B522D00888B9C /* LoginPresenter.swift in Sources */,
				40EA248C262C4A1400888B9C /* PaymentTableViewCell.swift in Sources */,
				40EA2461262B427300888B9C /* LoginViewController.swift in Sources */,
				40EA2474262B627000888B9C /* PaymentsPresenter.swift in Sources */,
				40EA2456262B3C6300888B9C /* NetworkManager.swift in Sources */,
				40EA2482262B6C3900888B9C /* SetupScenes.swift in Sources */,
				40EA247E262B62F300888B9C /* PaymentsTableViewController.swift in Sources */,
				40EA243F262B38DC00888B9C /* AppDelegate.swift in Sources */,
				40EA2493262C84B400888B9C /* LoginModels.swift in Sources */,
				40EA2441262B38DC00888B9C /* SceneDelegate.swift in Sources */,
			);
			runOnlyForDeploymentPostprocessing = 0;
		};
/* End PBXSourcesBuildPhase section */

/* Begin PBXVariantGroup section */
		40EA2444262B38DC00888B9C /* Main.storyboard */ = {
			isa = PBXVariantGroup;
			children = (
				40EA2445262B38DC00888B9C /* Base */,
			);
			name = Main.storyboard;
			sourceTree = "<group>";
		};
		40EA2449262B38E000888B9C /* LaunchScreen.storyboard */ = {
			isa = PBXVariantGroup;
			children = (
				40EA244A262B38E000888B9C /* Base */,
			);
			name = LaunchScreen.storyboard;
			sourceTree = "<group>";
		};
/* End PBXVariantGroup section */

/* Begin XCBuildConfiguration section */
		40EA244D262B38E000888B9C /* Debug */ = {
			isa = XCBuildConfiguration;
			buildSettings = {
				ALWAYS_SEARCH_USER_PATHS = NO;
				CLANG_ANALYZER_NONNULL = YES;
				CLANG_ANALYZER_NUMBER_OBJECT_CONVERSION = YES_AGGRESSIVE;
				CLANG_CXX_LANGUAGE_STANDARD = "gnu++14";
				CLANG_CXX_LIBRARY = "libc++";
				CLANG_ENABLE_MODULES = YES;
				CLANG_ENABLE_OBJC_ARC = YES;
				CLANG_ENABLE_OBJC_WEAK = YES;
				CLANG_WARN_BLOCK_CAPTURE_AUTORELEASING = YES;
				CLANG_WARN_BOOL_CONVERSION = YES;
				CLANG_WARN_COMMA = YES;
				CLANG_WARN_CONSTANT_CONVERSION = YES;
				CLANG_WARN_DEPRECATED_OBJC_IMPLEMENTATIONS = YES;
				CLANG_WARN_DIRECT_OBJC_ISA_USAGE = YES_ERROR;
				CLANG_WARN_DOCUMENTATION_COMMENTS = YES;
				CLANG_WARN_EMPTY_BODY = YES;
				CLANG_WARN_ENUM_CONVERSION = YES;
				CLANG_WARN_INFINITE_RECURSION = YES;
				CLANG_WARN_INT_CONVERSION = YES;
				CLANG_WARN_NON_LITERAL_NULL_CONVERSION = YES;
				CLANG_WARN_OBJC_IMPLICIT_RETAIN_SELF = YES;
				CLANG_WARN_OBJC_LITERAL_CONVERSION = YES;
				CLANG_WARN_OBJC_ROOT_CLASS = YES_ERROR;
				CLANG_WARN_QUOTED_INCLUDE_IN_FRAMEWORK_HEADER = YES;
				CLANG_WARN_RANGE_LOOP_ANALYSIS = YES;
				CLANG_WARN_STRICT_PROTOTYPES = YES;
				CLANG_WARN_SUSPICIOUS_MOVE = YES;
				CLANG_WARN_UNGUARDED_AVAILABILITY = YES_AGGRESSIVE;
				CLANG_WARN_UNREACHABLE_CODE = YES;
				CLANG_WARN__DUPLICATE_METHOD_MATCH = YES;
				COPY_PHASE_STRIP = NO;
				DEBUG_INFORMATION_FORMAT = dwarf;
				ENABLE_STRICT_OBJC_MSGSEND = YES;
				ENABLE_TESTABILITY = YES;
				GCC_C_LANGUAGE_STANDARD = gnu11;
				GCC_DYNAMIC_NO_PIC = NO;
				GCC_NO_COMMON_BLOCKS = YES;
				GCC_OPTIMIZATION_LEVEL = 0;
				GCC_PREPROCESSOR_DEFINITIONS = (
					"DEBUG=1",
					"$(inherited)",
				);
				GCC_WARN_64_TO_32_BIT_CONVERSION = YES;
				GCC_WARN_ABOUT_RETURN_TYPE = YES_ERROR;
				GCC_WARN_UNDECLARED_SELECTOR = YES;
				GCC_WARN_UNINITIALIZED_AUTOS = YES_AGGRESSIVE;
				GCC_WARN_UNUSED_FUNCTION = YES;
				GCC_WARN_UNUSED_VARIABLE = YES;
				IPHONEOS_DEPLOYMENT_TARGET = 14.2;
				MTL_ENABLE_DEBUG_INFO = INCLUDE_SOURCE;
				MTL_FAST_MATH = YES;
				ONLY_ACTIVE_ARCH = YES;
				SDKROOT = iphoneos;
				SWIFT_ACTIVE_COMPILATION_CONDITIONS = DEBUG;
				SWIFT_OPTIMIZATION_LEVEL = "-Onone";
			};
			name = Debug;
		};
		40EA244E262B38E000888B9C /* Release */ = {
			isa = XCBuildConfiguration;
			buildSettings = {
				ALWAYS_SEARCH_USER_PATHS = NO;
				CLANG_ANALYZER_NONNULL = YES;
				CLANG_ANALYZER_NUMBER_OBJECT_CONVERSION = YES_AGGRESSIVE;
				CLANG_CXX_LANGUAGE_STANDARD = "gnu++14";
				CLANG_CXX_LIBRARY = "libc++";
				CLANG_ENABLE_MODULES = YES;
				CLANG_ENABLE_OBJC_ARC = YES;
				CLANG_ENABLE_OBJC_WEAK = YES;
				CLANG_WARN_BLOCK_CAPTURE_AUTORELEASING = YES;
				CLANG_WARN_BOOL_CONVERSION = YES;
				CLANG_WARN_COMMA = YES;
				CLANG_WARN_CONSTANT_CONVERSION = YES;
				CLANG_WARN_DEPRECATED_OBJC_IMPLEMENTATIONS = YES;
				CLANG_WARN_DIRECT_OBJC_ISA_USAGE = YES_ERROR;
				CLANG_WARN_DOCUMENTATION_COMMENTS = YES;
				CLANG_WARN_EMPTY_BODY = YES;
				CLANG_WARN_ENUM_CONVERSION = YES;
				CLANG_WARN_INFINITE_RECURSION = YES;
				CLANG_WARN_INT_CONVERSION = YES;
				CLANG_WARN_NON_LITERAL_NULL_CONVERSION = YES;
				CLANG_WARN_OBJC_IMPLICIT_RETAIN_SELF = YES;
				CLANG_WARN_OBJC_LITERAL_CONVERSION = YES;
				CLANG_WARN_OBJC_ROOT_CLASS = YES_ERROR;
				CLANG_WARN_QUOTED_INCLUDE_IN_FRAMEWORK_HEADER = YES;
				CLANG_WARN_RANGE_LOOP_ANALYSIS = YES;
				CLANG_WARN_STRICT_PROTOTYPES = YES;
				CLANG_WARN_SUSPICIOUS_MOVE = YES;
				CLANG_WARN_UNGUARDED_AVAILABILITY = YES_AGGRESSIVE;
				CLANG_WARN_UNREACHABLE_CODE = YES;
				CLANG_WARN__DUPLICATE_METHOD_MATCH = YES;
				COPY_PHASE_STRIP = NO;
				DEBUG_INFORMATION_FORMAT = "dwarf-with-dsym";
				ENABLE_NS_ASSERTIONS = NO;
				ENABLE_STRICT_OBJC_MSGSEND = YES;
				GCC_C_LANGUAGE_STANDARD = gnu11;
				GCC_NO_COMMON_BLOCKS = YES;
				GCC_WARN_64_TO_32_BIT_CONVERSION = YES;
				GCC_WARN_ABOUT_RETURN_TYPE = YES_ERROR;
				GCC_WARN_UNDECLARED_SELECTOR = YES;
				GCC_WARN_UNINITIALIZED_AUTOS = YES_AGGRESSIVE;
				GCC_WARN_UNUSED_FUNCTION = YES;
				GCC_WARN_UNUSED_VARIABLE = YES;
				IPHONEOS_DEPLOYMENT_TARGET = 14.2;
				MTL_ENABLE_DEBUG_INFO = NO;
				MTL_FAST_MATH = YES;
				SDKROOT = iphoneos;
				SWIFT_COMPILATION_MODE = wholemodule;
				SWIFT_OPTIMIZATION_LEVEL = "-O";
				VALIDATE_PRODUCT = YES;
			};
			name = Release;
		};
		40EA2450262B38E000888B9C /* Debug */ = {
			isa = XCBuildConfiguration;
			buildSettings = {
				ASSETCATALOG_COMPILER_APPICON_NAME = AppIcon;
				ASSETCATALOG_COMPILER_GLOBAL_ACCENT_COLOR_NAME = AccentColor;
				CODE_SIGN_IDENTITY = "Apple Development";
				CODE_SIGN_STYLE = Automatic;
				CURRENT_PROJECT_VERSION = 1.1.1;
				DEVELOPMENT_TEAM = 4J7RU73C9J;
				INFOPLIST_FILE = "UserPaymentsApp/Supporting Files/Info.plist";
				IPHONEOS_DEPLOYMENT_TARGET = 13.0;
				LD_RUNPATH_SEARCH_PATHS = (
					"$(inherited)",
					"@executable_path/Frameworks",
				);
				PRODUCT_BUNDLE_IDENTIFIER = KDK.UserPaymentsApp;
				PRODUCT_NAME = "$(TARGET_NAME)";
				PROVISIONING_PROFILE_SPECIFIER = "";
				SWIFT_VERSION = 5.0;
				TARGETED_DEVICE_FAMILY = 1;
			};
			name = Debug;
		};
		40EA2451262B38E000888B9C /* Release */ = {
			isa = XCBuildConfiguration;
			buildSettings = {
				ASSETCATALOG_COMPILER_APPICON_NAME = AppIcon;
				ASSETCATALOG_COMPILER_GLOBAL_ACCENT_COLOR_NAME = AccentColor;
				CODE_SIGN_IDENTITY = "Apple Development";
				CODE_SIGN_STYLE = Automatic;
				CURRENT_PROJECT_VERSION = 1.1.1;
				DEVELOPMENT_TEAM = 4J7RU73C9J;
				INFOPLIST_FILE = "UserPaymentsApp/Supporting Files/Info.plist";
				IPHONEOS_DEPLOYMENT_TARGET = 13.0;
				LD_RUNPATH_SEARCH_PATHS = (
					"$(inherited)",
					"@executable_path/Frameworks",
				);
				PRODUCT_BUNDLE_IDENTIFIER = KDK.UserPaymentsApp;
				PRODUCT_NAME = "$(TARGET_NAME)";
				PROVISIONING_PROFILE_SPECIFIER = "";
				SWIFT_VERSION = 5.0;
				TARGETED_DEVICE_FAMILY = 1;
			};
			name = Release;
		};
/* End XCBuildConfiguration section */

/* Begin XCConfigurationList section */
		40EA2436262B38DC00888B9C /* Build configuration list for PBXProject "UserPaymentsApp" */ = {
			isa = XCConfigurationList;
			buildConfigurations = (
				40EA244D262B38E000888B9C /* Debug */,
				40EA244E262B38E000888B9C /* Release */,
			);
			defaultConfigurationIsVisible = 0;
			defaultConfigurationName = Release;
		};
		40EA244F262B38E000888B9C /* Build configuration list for PBXNativeTarget "UserPaymentsApp" */ = {
			isa = XCConfigurationList;
			buildConfigurations = (
				40EA2450262B38E000888B9C /* Debug */,
				40EA2451262B38E000888B9C /* Release */,
			);
			defaultConfigurationIsVisible = 0;
			defaultConfigurationName = Release;
		};
/* End XCConfigurationList section */
	};
	rootObject = 40EA2433262B38DC00888B9C /* Project object */;
}
